---
label: Text Block
hide_body: true
fields:
- name: title
  type: text
  config:
    required: false
  label: Title
  description: optional title
- name: content
  type: textarea
  default: ''
  config:
    required: true
    wysiwyg: true
    schema:
      format: html-blocks
  label: Content
  description: Please do not use Heading 1 size as it interferes with acessibility
    and search engines
